
Microsoft Visual Studio Solution File, Format Version 12.00
# Visual Studio Version 17
VisualStudioVersion = 17.8.34511.84
MinimumVisualStudioVersion = 10.0.40219.1
Project("{FAE04EC0-301F-11D3-BF4B-00C04F79EFBC}") = "Left-Factoring", "Left-Factoring\Left-Factoring.csproj", "{62AEA342-086D-4C0A-AA33-BD6BD109FEB2}"
EndProject
Global
	GlobalSection(SolutionConfigurationPlatforms) = preSolution
		Debug|Any CPU = Debug|Any CPU
		Release|Any CPU = Release|Any CPU
	EndGlobalSection
	GlobalSection(ProjectConfigurationPlatforms) = postSolution
		{62AEA342-086D-4C0A-AA33-BD6BD109FEB2}.Debug|Any CPU.ActiveCfg = Debug|Any CPU
		{62AEA342-086D-4C0A-AA33-BD6BD109FEB2}.Debug|Any CPU.Build.0 = Debug|Any CPU
		{62AEA342-086D-4C0A-AA33-BD6BD109FEB2}.Release|Any CPU.ActiveCfg = Release|Any CPU
		{62AEA342-086D-4C0A-AA33-BD6BD109FEB2}.Release|Any CPU.Build.0 = Release|Any CPU
	EndGlobalSection
	GlobalSection(SolutionProperties) = preSolution
		HideSolutionNode = FALSE
	EndGlobalSection
	GlobalSection(ExtensibilityGlobals) = postSolution
		SolutionGuid = {4ABD253F-D8DB-478C-8EB0-E877FB6514BF}
	EndGlobalSection
EndGlobal
